
Microsoft Visual Studio Solution File, Format Version 12.00
# Visual Studio Version 16
VisualStudioVersion = 16.0.31129.286
MinimumVisualStudioVersion = 10.0.40219.1
Project("{9A19103F-16F7-4668-BE54-9A1E7A4F7556}") = "AspNetCoreCustomItemGallery", "AspNetCoreCustomItem\AspNetCoreCustomItemGallery.csproj", "{088CDAEE-592C-4661-AD5F-66469BB7BCEA}"
EndProject
Global
	GlobalSection(SolutionConfigurationPlatforms) = preSolution
		Debug|Any CPU = Debug|Any CPU
		Release|Any CPU = Release|Any CPU
	EndGlobalSection
	GlobalSection(ProjectConfigurationPlatforms) = postSolution
		{088CDAEE-592C-4661-AD5F-66469BB7BCEA}.Debug|Any CPU.ActiveCfg = Debug|Any CPU
		{088CDAEE-592C-4661-AD5F-66469BB7BCEA}.Debug|Any CPU.Build.0 = Debug|Any CPU
		{088CDAEE-592C-4661-AD5F-66469BB7BCEA}.Release|Any CPU.ActiveCfg = Release|Any CPU
		{088CDAEE-592C-4661-AD5F-66469BB7BCEA}.Release|Any CPU.Build.0 = Release|Any CPU
	EndGlobalSection
	GlobalSection(SolutionProperties) = preSolution
		HideSolutionNode = FALSE
	EndGlobalSection
	GlobalSection(ExtensibilityGlobals) = postSolution
		SolutionGuid = {8011690B-ED77-483E-82F9-8A0396C0C1F6}
	EndGlobalSection
EndGlobal
